<?xml version="1.0" encoding="utf-8"?>
<Project ToolsVersion="4.0" xmlns="http://schemas.microsoft.com/developer/msbuild/2003">
  <ItemGroup>
    <Filter Include="99.Default">
      <UniqueIdentifier>{c275e980-f47d-458b-84ac-1323b69d091d}</UniqueIdentifier>
    </Filter>
    <Filter Include="00.MainApp">
      <UniqueIdentifier>{c62655f3-1f09-4154-9152-edb1f0a74566}</UniqueIdentifier>
    </Filter>
    <Filter Include="98.Header">
      <UniqueIdentifier>{39bf0610-b700-4d40-9f0b-16e0913a905c}</UniqueIdentifier>
    </Filter>
    <Filter Include="98.Header\Include">
      <UniqueIdentifier>{ec5f09ec-8e69-4b64-acef-e734aee90ca2}</UniqueIdentifier>
    </Filter>
    <Filter Include="01.Scene">
      <UniqueIdentifier>{4eadf308-6335-41cb-9f8a-1c9dad9dfcd5}</UniqueIdentifier>
    </Filter>
    <Filter Include="01.Scene\00.Logo">
      <UniqueIdentifier>{aa3b60b1-36d4-44e1-8b18-7e3a5daac48a}</UniqueIdentifier>
    </Filter>
    <Filter Include="01.Scene\01.Stage">
      <UniqueIdentifier>{4c9d2008-edd0-48f3-af15-90e23ed13df5}</UniqueIdentifier>
    </Filter>
  </ItemGroup>
  <ItemGroup>
    <ClInclude Include="targetver.h">
      <Filter>99.Default</Filter>
    </ClInclude>
    <ClInclude Include="Client.h">
      <Filter>99.Default</Filter>
    </ClInclude>
    <ClInclude Include="Resource.h">
      <Filter>99.Default</Filter>
    </ClInclude>
    <ClInclude Include="..\Headers\MainApp.h">
      <Filter>00.MainApp</Filter>
    </ClInclude>
    <ClInclude Include="..\Headers\ClientDefine.h">
      <Filter>98.Header\Include</Filter>
    </ClInclude>
    <ClInclude Include="..\Headers\ClientExtern.h">
      <Filter>98.Header\Include</Filter>
    </ClInclude>
    <ClInclude Include="stdafx.h">
      <Filter>98.Header</Filter>
    </ClInclude>
    <ClInclude Include="..\Headers\Logo.h">
      <Filter>01.Scene\00.Logo</Filter>
    </ClInclude>
    <ClInclude Include="..\Headers\ClientEnum.h">
      <Filter>98.Header\Include</Filter>
    </ClInclude>
    <ClInclude Include="..\Headers\Stage.h">
      <Filter>01.Scene\01.Stage</Filter>
    </ClInclude>
    <ClInclude Include="..\Headers\ClientStruct.h">
      <Filter>98.Header\Include</Filter>
    </ClInclude>
  </ItemGroup>
  <ItemGroup>
    <ClCompile Include="stdafx.cpp">
      <Filter>99.Default</Filter>
    </ClCompile>
    <ClCompile Include="Client.cpp" />
    <ClCompile Include="..\Codes\MainApp.cpp">
      <Filter>00.MainApp</Filter>
    </ClCompile>
    <ClCompile Include="..\Codes\Logo.cpp">
      <Filter>01.Scene\00.Logo</Filter>
    </ClCompile>
    <ClCompile Include="..\Codes\Stage.cpp">
      <Filter>01.Scene\01.Stage</Filter>
    </ClCompile>
  </ItemGroup>
  <ItemGroup>
    <Image Include="Client.ico">
      <Filter>99.Default</Filter>
    </Image>
    <Image Include="small.ico">
      <Filter>99.Default</Filter>
    </Image>
  </ItemGroup>
  <ItemGroup>
    <ResourceCompile Include="Client.rc">
      <Filter>99.Default</Filter>
    </ResourceCompile>
  </ItemGroup>
  <ItemGroup>
    <Text Include="ReadMe.txt">
      <Filter>99.Default</Filter>
    </Text>
    <Text Include="..\..\Text.txt" />
  </ItemGroup>
</Project>